
Microsoft Visual Studio Solution File, Format Version 12.00
# Visual Studio Version 17
VisualStudioVersion = 17.2.32516.85
MinimumVisualStudioVersion = 10.0.40219.1
Project("{FAE04EC0-301F-11D3-BF4B-00C04F79EFBC}") = "Rivadenera - ENTPROG - OTIS2", "Rivadenera - ENTPROG - OTIS2\Rivadenera - ENTPROG - OTIS2.csproj", "{3179F09A-A9FC-4314-A07B-3D0270CC0DF4}"
EndProject
Project("{FAE04EC0-301F-11D3-BF4B-00C04F79EFBC}") = "Rivadenera - ENTPROG - OTIS2 - WebApp", "Rivadenera - ENTPROG - OTIS2 - WebApp\Rivadenera - ENTPROG - OTIS2 - WebApp.csproj", "{0150F43C-D834-4BE0-8E3A-544B4492CB8D}"
EndProject
Global
	GlobalSection(SolutionConfigurationPlatforms) = preSolution
		Debug|Any CPU = Debug|Any CPU
		Release|Any CPU = Release|Any CPU
	EndGlobalSection
	GlobalSection(ProjectConfigurationPlatforms) = postSolution
		{3179F09A-A9FC-4314-A07B-3D0270CC0DF4}.Debug|Any CPU.ActiveCfg = Debug|Any CPU
		{3179F09A-A9FC-4314-A07B-3D0270CC0DF4}.Debug|Any CPU.Build.0 = Debug|Any CPU
		{3179F09A-A9FC-4314-A07B-3D0270CC0DF4}.Release|Any CPU.ActiveCfg = Release|Any CPU
		{3179F09A-A9FC-4314-A07B-3D0270CC0DF4}.Release|Any CPU.Build.0 = Release|Any CPU
		{0150F43C-D834-4BE0-8E3A-544B4492CB8D}.Debug|Any CPU.ActiveCfg = Debug|Any CPU
		{0150F43C-D834-4BE0-8E3A-544B4492CB8D}.Debug|Any CPU.Build.0 = Debug|Any CPU
		{0150F43C-D834-4BE0-8E3A-544B4492CB8D}.Release|Any CPU.ActiveCfg = Release|Any CPU
		{0150F43C-D834-4BE0-8E3A-544B4492CB8D}.Release|Any CPU.Build.0 = Release|Any CPU
	EndGlobalSection
	GlobalSection(SolutionProperties) = preSolution
		HideSolutionNode = FALSE
	EndGlobalSection
	GlobalSection(ExtensibilityGlobals) = postSolution
		SolutionGuid = {CD3E11D5-8E9B-48E8-9520-7D34FA02A3DC}
	EndGlobalSection
EndGlobal
